
Microsoft Visual Studio Solution File, Format Version 12.00
# Visual Studio Version 16
VisualStudioVersion = 16.0.33927.289
MinimumVisualStudioVersion = 10.0.40219.1
Project("{FAE04EC0-301F-11D3-BF4B-00C04F79EFBC}") = "ProjectUnipiGuide", "ProjectUnipiGuide\ProjectUnipiGuide.csproj", "{4E83DBD0-6401-4B22-AD3A-5E8A523BD85B}"
EndProject
Global
	GlobalSection(SolutionConfigurationPlatforms) = preSolution
		Debug|Any CPU = Debug|Any CPU
		Release|Any CPU = Release|Any CPU
	EndGlobalSection
	GlobalSection(ProjectConfigurationPlatforms) = postSolution
		{4E83DBD0-6401-4B22-AD3A-5E8A523BD85B}.Debug|Any CPU.ActiveCfg = Debug|Any CPU
		{4E83DBD0-6401-4B22-AD3A-5E8A523BD85B}.Debug|Any CPU.Build.0 = Debug|Any CPU
		{4E83DBD0-6401-4B22-AD3A-5E8A523BD85B}.Release|Any CPU.ActiveCfg = Release|Any CPU
		{4E83DBD0-6401-4B22-AD3A-5E8A523BD85B}.Release|Any CPU.Build.0 = Release|Any CPU
	EndGlobalSection
	GlobalSection(SolutionProperties) = preSolution
		HideSolutionNode = FALSE
	EndGlobalSection
	GlobalSection(ExtensibilityGlobals) = postSolution
		SolutionGuid = {FF3CC923-CBB0-4E41-A9AE-FCE4626BFBCB}
	EndGlobalSection
EndGlobal
